// !$*UTF8*$!
{
	archiveVersion = 1;
	classes = {
	};
	objectVersion = 46;
	objects = {

/* Begin PBXBuildFile section */
		882CC4351D98C822003F4197 /* AppDelegate.swift in Sources */ = {isa = PBXBuildFile; fileRef = 882CC4341D98C822003F4197 /* AppDelegate.swift */; };
		882CC4371D98C822003F4197 /* ViewController.swift in Sources */ = {isa = PBXBuildFile; fileRef = 882CC4361D98C822003F4197 /* ViewController.swift */; };
		882CC43C1D98C823003F4197 /* Assets.xcassets in Resources */ = {isa = PBXBuildFile; fileRef = 882CC43B1D98C823003F4197 /* Assets.xcassets */; };
		882CC43F1D98C823003F4197 /* LaunchScreen.storyboard in Resources */ = {isa = PBXBuildFile; fileRef = 882CC43D1D98C823003F4197 /* LaunchScreen.storyboard */; };
		882CC44A1D98C824003F4197 /* NewsTopicTests.swift in Sources */ = {isa = PBXBuildFile; fileRef = 882CC4491D98C824003F4197 /* NewsTopicTests.swift */; };
		8876B1D31D98D0C7004045C0 /* LFTabBarController.swift in Sources */ = {isa = PBXBuildFile; fileRef = 8876B1D21D98D0C7004045C0 /* LFTabBarController.swift */; };
		8876B1D51D98D13A004045C0 /* LFConst.swift in Sources */ = {isa = PBXBuildFile; fileRef = 8876B1D41D98D13A004045C0 /* LFConst.swift */; };
		8876B7BB1D98D2EF004045C0 /* LFHomeViewController.swift in Sources */ = {isa = PBXBuildFile; fileRef = 8876B7BA1D98D2EF004045C0 /* LFHomeViewController.swift */; };
		8876B7BD1D98EDF7004045C0 /* LFNavigationController.swift in Sources */ = {isa = PBXBuildFile; fileRef = 8876B7BC1D98EDF7004045C0 /* LFNavigationController.swift */; };
		8876B7C01D991954004045C0 /* UIView+Extension.swift in Sources */ = {isa = PBXBuildFile; fileRef = 8876B7BF1D991954004045C0 /* UIView+Extension.swift */; };
		8876B7C21D9920EE004045C0 /* LFScrollTitleView.swift in Sources */ = {isa = PBXBuildFile; fileRef = 8876B7C11D9920EE004045C0 /* LFScrollTitleView.swift */; };
		8876B7C41D9921B6004045C0 /* LFHomeTopTitle.swift in Sources */ = {isa = PBXBuildFile; fileRef = 8876B7C31D9921B6004045C0 /* LFHomeTopTitle.swift */; };
		8876B7C61D992276004045C0 /* LFNetworkTool.swift in Sources */ = {isa = PBXBuildFile; fileRef = 8876B7C51D992276004045C0 /* LFNetworkTool.swift */; };
		B08CEE02755344C3B2696CE9 /* Pods_NewsTopic.framework in Frameworks */ = {isa = PBXBuildFile; fileRef = 99AEA0C2FFA1CFFD2972E50B /* Pods_NewsTopic.framework */; };
/* End PBXBuildFile section */

/* Begin PBXContainerItemProxy section */
		882CC4461D98C824003F4197 /* PBXContainerItemProxy */ = {
			isa = PBXContainerItemProxy;
			containerPortal = 882CC4291D98C820003F4197 /* Project object */;
			proxyType = 1;
			remoteGlobalIDString = 882CC4301D98C820003F4197;
			remoteInfo = NewsTopic;
		};
/* End PBXContainerItemProxy section */

/* Begin PBXFileReference section */
		04C0E1C7D90F14A188110D2F /* Pods-NewsTopic.debug.xcconfig */ = {isa = PBXFileReference; includeInIndex = 1; lastKnownFileType = text.xcconfig; name = "Pods-NewsTopic.debug.xcconfig"; path = "Pods/Target Support Files/Pods-NewsTopic/Pods-NewsTopic.debug.xcconfig"; sourceTree = "<group>"; };
		882CC4311D98C821003F4197 /* NewsTopic.app */ = {isa = PBXFileReference; explicitFileType = wrapper.application; includeInIndex = 0; path = NewsTopic.app; sourceTree = BUILT_PRODUCTS_DIR; };
		882CC4341D98C822003F4197 /* AppDelegate.swift */ = {isa = PBXFileReference; lastKnownFileType = sourcecode.swift; path = AppDelegate.swift; sourceTree = "<group>"; };
		882CC4361D98C822003F4197 /* ViewController.swift */ = {isa = PBXFileReference; lastKnownFileType = sourcecode.swift; path = ViewController.swift; sourceTree = "<group>"; };
		882CC43B1D98C823003F4197 /* Assets.xcassets */ = {isa = PBXFileReference; lastKnownFileType = folder.assetcatalog; path = Assets.xcassets; sourceTree = "<group>"; };
		882CC43E1D98C823003F4197 /* Base */ = {isa = PBXFileReference; lastKnownFileType = file.storyboard; name = Base; path = Base.lproj/LaunchScreen.storyboard; sourceTree = "<group>"; };
		882CC4401D98C823003F4197 /* Info.plist */ = {isa = PBXFileReference; lastKnownFileType = text.plist.xml; path = Info.plist; sourceTree = "<group>"; };
		882CC4451D98C824003F4197 /* NewsTopicTests.xctest */ = {isa = PBXFileReference; explicitFileType = wrapper.cfbundle; includeInIndex = 0; path = NewsTopicTests.xctest; sourceTree = BUILT_PRODUCTS_DIR; };
		882CC4491D98C824003F4197 /* NewsTopicTests.swift */ = {isa = PBXFileReference; lastKnownFileType = sourcecode.swift; path = NewsTopicTests.swift; sourceTree = "<group>"; };
		882CC44B1D98C824003F4197 /* Info.plist */ = {isa = PBXFileReference; lastKnownFileType = text.plist.xml; path = Info.plist; sourceTree = "<group>"; };
		8876B1D21D98D0C7004045C0 /* LFTabBarController.swift */ = {isa = PBXFileReference; fileEncoding = 4; lastKnownFileType = sourcecode.swift; path = LFTabBarController.swift; sourceTree = "<group>"; };
		8876B1D41D98D13A004045C0 /* LFConst.swift */ = {isa = PBXFileReference; fileEncoding = 4; lastKnownFileType = sourcecode.swift; path = LFConst.swift; sourceTree = "<group>"; };
		8876B7BA1D98D2EF004045C0 /* LFHomeViewController.swift */ = {isa = PBXFileReference; fileEncoding = 4; lastKnownFileType = sourcecode.swift; path = LFHomeViewController.swift; sourceTree = "<group>"; };
		8876B7BC1D98EDF7004045C0 /* LFNavigationController.swift */ = {isa = PBXFileReference; fileEncoding = 4; lastKnownFileType = sourcecode.swift; path = LFNavigationController.swift; sourceTree = "<group>"; };
		8876B7BF1D991954004045C0 /* UIView+Extension.swift */ = {isa = PBXFileReference; fileEncoding = 4; lastKnownFileType = sourcecode.swift; path = "UIView+Extension.swift"; sourceTree = "<group>"; };
		8876B7C11D9920EE004045C0 /* LFScrollTitleView.swift */ = {isa = PBXFileReference; fileEncoding = 4; lastKnownFileType = sourcecode.swift; path = LFScrollTitleView.swift; sourceTree = "<group>"; };
		8876B7C31D9921B6004045C0 /* LFHomeTopTitle.swift */ = {isa = PBXFileReference; fileEncoding = 4; lastKnownFileType = sourcecode.swift; path = LFHomeTopTitle.swift; sourceTree = "<group>"; };
		8876B7C51D992276004045C0 /* LFNetworkTool.swift */ = {isa = PBXFileReference; fileEncoding = 4; lastKnownFileType = sourcecode.swift; path = LFNetworkTool.swift; sourceTree = "<group>"; };
		99AEA0C2FFA1CFFD2972E50B /* Pods_NewsTopic.framework */ = {isa = PBXFileReference; explicitFileType = wrapper.framework; includeInIndex = 0; path = Pods_NewsTopic.framework; sourceTree = BUILT_PRODUCTS_DIR; };
		A4B90C48CB601C011A76FD71 /* Pods-NewsTopic.release.xcconfig */ = {isa = PBXFileReference; includeInIndex = 1; lastKnownFileType = text.xcconfig; name = "Pods-NewsTopic.release.xcconfig"; path = "Pods/Target Support Files/Pods-NewsTopic/Pods-NewsTopic.release.xcconfig"; sourceTree = "<group>"; };
/* End PBXFileReference section */

/* Begin PBXFrameworksBuildPhase section */
		882CC42E1D98C820003F4197 /* Frameworks */ = {
			isa = PBXFrameworksBuildPhase;
			buildActionMask = 2147483647;
			files = (
				B08CEE02755344C3B2696CE9 /* Pods_NewsTopic.framework in Frameworks */,
			);
			runOnlyForDeploymentPostprocessing = 0;
		};
		882CC4421D98C824003F4197 /* Frameworks */ = {
			isa = PBXFrameworksBuildPhase;
			buildActionMask = 2147483647;
			files = (
			);
			runOnlyForDeploymentPostprocessing = 0;
		};
/* End PBXFrameworksBuildPhase section */

/* Begin PBXGroup section */
		5D4D46F1C0C1C5C0791DA712 /* Frameworks */ = {
			isa = PBXGroup;
			children = (
				99AEA0C2FFA1CFFD2972E50B /* Pods_NewsTopic.framework */,
			);
			name = Frameworks;
			sourceTree = "<group>";
		};
		6C1266F75B13D0440F53DC6D /* Pods */ = {
			isa = PBXGroup;
			children = (
				04C0E1C7D90F14A188110D2F /* Pods-NewsTopic.debug.xcconfig */,
				A4B90C48CB601C011A76FD71 /* Pods-NewsTopic.release.xcconfig */,
			);
			name = Pods;
			sourceTree = "<group>";
		};
		882CC4281D98C81F003F4197 = {
			isa = PBXGroup;
			children = (
				882CC4331D98C822003F4197 /* NewsTopic */,
				882CC4481D98C824003F4197 /* NewsTopicTests */,
				882CC4321D98C821003F4197 /* Products */,
				6C1266F75B13D0440F53DC6D /* Pods */,
				5D4D46F1C0C1C5C0791DA712 /* Frameworks */,
			);
			sourceTree = "<group>";
		};
		882CC4321D98C821003F4197 /* Products */ = {
			isa = PBXGroup;
			children = (
				882CC4311D98C821003F4197 /* NewsTopic.app */,
				882CC4451D98C824003F4197 /* NewsTopicTests.xctest */,
			);
			name = Products;
			sourceTree = "<group>";
		};
		882CC4331D98C822003F4197 /* NewsTopic */ = {
			isa = PBXGroup;
			children = (
				882CC4581D98CE55003F4197 /* Classes */,
				882CC43B1D98C823003F4197 /* Assets.xcassets */,
			);
			path = NewsTopic;
			sourceTree = "<group>";
		};
		882CC4481D98C824003F4197 /* NewsTopicTests */ = {
			isa = PBXGroup;
			children = (
				882CC4491D98C824003F4197 /* NewsTopicTests.swift */,
				882CC44B1D98C824003F4197 /* Info.plist */,
			);
			path = NewsTopicTests;
			sourceTree = "<group>";
		};
		882CC4581D98CE55003F4197 /* Classes */ = {
			isa = PBXGroup;
			children = (
				8876B7B61D98D279004045C0 /* Home(主页) */,
				882CC4591D98CEC3003F4197 /* Main(主要) */,
				882CC4361D98C822003F4197 /* ViewController.swift */,
			);
			name = Classes;
			sourceTree = "<group>";
		};
		882CC4591D98CEC3003F4197 /* Main(主要) */ = {
			isa = PBXGroup;
			children = (
				8876B7BE1D991931004045C0 /* Extension */,
				882CC45C1D98CF16003F4197 /* Controllers */,
				882CC45B1D98CEE7003F4197 /* Tools */,
				882CC45A1D98CEDA003F4197 /* Others */,
			);
			name = "Main(主要)";
			sourceTree = "<group>";
		};
		882CC45A1D98CEDA003F4197 /* Others */ = {
			isa = PBXGroup;
			children = (
				882CC4341D98C822003F4197 /* AppDelegate.swift */,
				882CC4401D98C823003F4197 /* Info.plist */,
				882CC43D1D98C823003F4197 /* LaunchScreen.storyboard */,
			);
			name = Others;
			sourceTree = "<group>";
		};
		882CC45B1D98CEE7003F4197 /* Tools */ = {
			isa = PBXGroup;
			children = (
				8876B1D41D98D13A004045C0 /* LFConst.swift */,
				8876B7C51D992276004045C0 /* LFNetworkTool.swift */,
			);
			name = Tools;
			sourceTree = "<group>";
		};
		882CC45C1D98CF16003F4197 /* Controllers */ = {
			isa = PBXGroup;
			children = (
				8876B1D21D98D0C7004045C0 /* LFTabBarController.swift */,
				8876B7BC1D98EDF7004045C0 /* LFNavigationController.swift */,
			);
			name = Controllers;
			sourceTree = "<group>";
		};
		8876B7B61D98D279004045C0 /* Home(主页) */ = {
			isa = PBXGroup;
			children = (
				8876B7B91D98D29C004045C0 /* Models */,
				8876B7B81D98D295004045C0 /* Controllers */,
				8876B7B71D98D28B004045C0 /* Views */,
			);
			name = "Home(主页)";
			sourceTree = "<group>";
		};
		8876B7B71D98D28B004045C0 /* Views */ = {
			isa = PBXGroup;
			children = (
				8876B7C11D9920EE004045C0 /* LFScrollTitleView.swift */,
			);
			name = Views;
			sourceTree = "<group>";
		};
		8876B7B81D98D295004045C0 /* Controllers */ = {
			isa = PBXGroup;
			children = (
				8876B7BA1D98D2EF004045C0 /* LFHomeViewController.swift */,
			);
			name = Controllers;
			sourceTree = "<group>";
		};
		8876B7B91D98D29C004045C0 /* Models */ = {
			isa = PBXGroup;
			children = (
				8876B7C31D9921B6004045C0 /* LFHomeTopTitle.swift */,
			);
			name = Models;
			sourceTree = "<group>";
		};
		8876B7BE1D991931004045C0 /* Extension */ = {
			isa = PBXGroup;
			children = (
				8876B7BF1D991954004045C0 /* UIView+Extension.swift */,
			);
			name = Extension;
			sourceTree = "<group>";
		};
/* End PBXGroup section */

/* Begin PBXNativeTarget section */
		882CC4301D98C820003F4197 /* NewsTopic */ = {
			isa = PBXNativeTarget;
			buildConfigurationList = 882CC44E1D98C824003F4197 /* Build configuration list for PBXNativeTarget "NewsTopic" */;
			buildPhases = (
				6961BE2436A6707997F0B394 /* [CP] Check Pods Manifest.lock */,
				882CC42D1D98C820003F4197 /* Sources */,
				882CC42E1D98C820003F4197 /* Frameworks */,
				882CC42F1D98C820003F4197 /* Resources */,
				BA1D7E9EE07AF3130256BD50 /* [CP] Embed Pods Frameworks */,
				E552C62B136FF08DFC4E6738 /* [CP] Copy Pods Resources */,
			);
			buildRules = (
			);
			dependencies = (
			);
			name = NewsTopic;
			productName = NewsTopic;
			productReference = 882CC4311D98C821003F4197 /* NewsTopic.app */;
			productType = "com.apple.product-type.application";
		};
		882CC4441D98C824003F4197 /* NewsTopicTests */ = {
			isa = PBXNativeTarget;
			buildConfigurationList = 882CC4511D98C824003F4197 /* Build configuration list for PBXNativeTarget "NewsTopicTests" */;
			buildPhases = (
				882CC4411D98C824003F4197 /* Sources */,
				882CC4421D98C824003F4197 /* Frameworks */,
				882CC4431D98C824003F4197 /* Resources */,
			);
			buildRules = (
			);
			dependencies = (
				882CC4471D98C824003F4197 /* PBXTargetDependency */,
			);
			name = NewsTopicTests;
			productName = NewsTopicTests;
			productReference = 882CC4451D98C824003F4197 /* NewsTopicTests.xctest */;
			productType = "com.apple.product-type.bundle.unit-test";
		};
/* End PBXNativeTarget section */

/* Begin PBXProject section */
		882CC4291D98C820003F4197 /* Project object */ = {
			isa = PBXProject;
			attributes = {
				LastSwiftUpdateCheck = 0730;
				LastUpgradeCheck = 0730;
				ORGANIZATIONNAME = maplocation;
				TargetAttributes = {
					882CC4301D98C820003F4197 = {
						CreatedOnToolsVersion = 7.3.1;
					};
					882CC4441D98C824003F4197 = {
						CreatedOnToolsVersion = 7.3.1;
						TestTargetID = 882CC4301D98C820003F4197;
					};
				};
			};
			buildConfigurationList = 882CC42C1D98C820003F4197 /* Build configuration list for PBXProject "NewsTopic" */;
			compatibilityVersion = "Xcode 3.2";
			developmentRegion = English;
			hasScannedForEncodings = 0;
			knownRegions = (
				en,
				Base,
			);
			mainGroup = 882CC4281D98C81F003F4197;
			productRefGroup = 882CC4321D98C821003F4197 /* Products */;
			projectDirPath = "";
			projectRoot = "";
			targets = (
				882CC4301D98C820003F4197 /* NewsTopic */,
				882CC4441D98C824003F4197 /* NewsTopicTests */,
			);
		};
/* End PBXProject section */

/* Begin PBXResourcesBuildPhase section */
		882CC42F1D98C820003F4197 /* Resources */ = {
			isa = PBXResourcesBuildPhase;
			buildActionMask = 2147483647;
			files = (
				882CC43F1D98C823003F4197 /* LaunchScreen.storyboard in Resources */,
				882CC43C1D98C823003F4197 /* Assets.xcassets in Resources */,
			);
			runOnlyForDeploymentPostprocessing = 0;
		};
		882CC4431D98C824003F4197 /* Resources */ = {
			isa = PBXResourcesBuildPhase;
			buildActionMask = 2147483647;
			files = (
			);
			runOnlyForDeploymentPostprocessing = 0;
		};
/* End PBXResourcesBuildPhase section */

/* Begin PBXShellScriptBuildPhase section */
		6961BE2436A6707997F0B394 /* [CP] Check Pods Manifest.lock */ = {
			isa = PBXShellScriptBuildPhase;
			buildActionMask = 2147483647;
			files = (
			);
			inputPaths = (
			);
			name = "[CP] Check Pods Manifest.lock";
			outputPaths = (
			);
			runOnlyForDeploymentPostprocessing = 0;
			shellPath = /bin/sh;
			shellScript = "diff \"${PODS_ROOT}/../Podfile.lock\" \"${PODS_ROOT}/Manifest.lock\" > /dev/null\nif [[ $? != 0 ]] ; then\n    cat << EOM\nerror: The sandbox is not in sync with the Podfile.lock. Run 'pod install' or update your CocoaPods installation.\nEOM\n    exit 1\nfi\n";
			showEnvVarsInLog = 0;
		};
		BA1D7E9EE07AF3130256BD50 /* [CP] Embed Pods Frameworks */ = {
			isa = PBXShellScriptBuildPhase;
			buildActionMask = 2147483647;
			files = (
			);
			inputPaths = (
			);
			name = "[CP] Embed Pods Frameworks";
			outputPaths = (
			);
			runOnlyForDeploymentPostprocessing = 0;
			shellPath = /bin/sh;
			shellScript = "\"${SRCROOT}/Pods/Target Support Files/Pods-NewsTopic/Pods-NewsTopic-frameworks.sh\"\n";
			showEnvVarsInLog = 0;
		};
		E552C62B136FF08DFC4E6738 /* [CP] Copy Pods Resources */ = {
			isa = PBXShellScriptBuildPhase;
			buildActionMask = 2147483647;
			files = (
			);
			inputPaths = (
			);
			name = "[CP] Copy Pods Resources";
			outputPaths = (
			);
			runOnlyForDeploymentPostprocessing = 0;
			shellPath = /bin/sh;
			shellScript = "\"${SRCROOT}/Pods/Target Support Files/Pods-NewsTopic/Pods-NewsTopic-resources.sh\"\n";
			showEnvVarsInLog = 0;
		};
/* End PBXShellScriptBuildPhase section */

/* Begin PBXSourcesBuildPhase section */
		882CC42D1D98C820003F4197 /* Sources */ = {
			isa = PBXSourcesBuildPhase;
			buildActionMask = 2147483647;
			files = (
				8876B7C21D9920EE004045C0 /* LFScrollTitleView.swift in Sources */,
				8876B7BB1D98D2EF004045C0 /* LFHomeViewController.swift in Sources */,
				8876B7C01D991954004045C0 /* UIView+Extension.swift in Sources */,
				882CC4371D98C822003F4197 /* ViewController.swift in Sources */,
				8876B1D51D98D13A004045C0 /* LFConst.swift in Sources */,
				882CC4351D98C822003F4197 /* AppDelegate.swift in Sources */,
				8876B7C61D992276004045C0 /* LFNetworkTool.swift in Sources */,
				8876B1D31D98D0C7004045C0 /* LFTabBarController.swift in Sources */,
				8876B7C41D9921B6004045C0 /* LFHomeTopTitle.swift in Sources */,
				8876B7BD1D98EDF7004045C0 /* LFNavigationController.swift in Sources */,
			);
			runOnlyForDeploymentPostprocessing = 0;
		};
		882CC4411D98C824003F4197 /* Sources */ = {
			isa = PBXSourcesBuildPhase;
			buildActionMask = 2147483647;
			files = (
				882CC44A1D98C824003F4197 /* NewsTopicTests.swift in Sources */,
			);
			runOnlyForDeploymentPostprocessing = 0;
		};
/* End PBXSourcesBuildPhase section */

/* Begin PBXTargetDependency section */
		882CC4471D98C824003F4197 /* PBXTargetDependency */ = {
			isa = PBXTargetDependency;
			target = 882CC4301D98C820003F4197 /* NewsTopic */;
			targetProxy = 882CC4461D98C824003F4197 /* PBXContainerItemProxy */;
		};
/* End PBXTargetDependency section */

/* Begin PBXVariantGroup section */
		882CC43D1D98C823003F4197 /* LaunchScreen.storyboard */ = {
			isa = PBXVariantGroup;
			children = (
				882CC43E1D98C823003F4197 /* Base */,
			);
			name = LaunchScreen.storyboard;
			sourceTree = "<group>";
		};
/* End PBXVariantGroup section */

/* Begin XCBuildConfiguration section */
		882CC44C1D98C824003F4197 /* Debug */ = {
			isa = XCBuildConfiguration;
			buildSettings = {
				ALWAYS_SEARCH_USER_PATHS = NO;
				CLANG_ANALYZER_NONNULL = YES;
				CLANG_CXX_LANGUAGE_STANDARD = "gnu++0x";
				CLANG_CXX_LIBRARY = "libc++";
				CLANG_ENABLE_MODULES = YES;
				CLANG_ENABLE_OBJC_ARC = YES;
				CLANG_WARN_BOOL_CONVERSION = YES;
				CLANG_WARN_CONSTANT_CONVERSION = YES;
				CLANG_WARN_DIRECT_OBJC_ISA_USAGE = YES_ERROR;
				CLANG_WARN_EMPTY_BODY = YES;
				CLANG_WARN_ENUM_CONVERSION = YES;
				CLANG_WARN_INT_CONVERSION = YES;
				CLANG_WARN_OBJC_ROOT_CLASS = YES_ERROR;
				CLANG_WARN_UNREACHABLE_CODE = YES;
				CLANG_WARN__DUPLICATE_METHOD_MATCH = YES;
				"CODE_SIGN_IDENTITY[sdk=iphoneos*]" = "iPhone Developer";
				COPY_PHASE_STRIP = NO;
				DEBUG_INFORMATION_FORMAT = dwarf;
				ENABLE_STRICT_OBJC_MSGSEND = YES;
				ENABLE_TESTABILITY = YES;
				GCC_C_LANGUAGE_STANDARD = gnu99;
				GCC_DYNAMIC_NO_PIC = NO;
				GCC_NO_COMMON_BLOCKS = YES;
				GCC_OPTIMIZATION_LEVEL = 0;
				GCC_PREPROCESSOR_DEFINITIONS = (
					"DEBUG=1",
					"$(inherited)",
				);
				GCC_WARN_64_TO_32_BIT_CONVERSION = YES;
				GCC_WARN_ABOUT_RETURN_TYPE = YES_ERROR;
				GCC_WARN_UNDECLARED_SELECTOR = YES;
				GCC_WARN_UNINITIALIZED_AUTOS = YES_AGGRESSIVE;
				GCC_WARN_UNUSED_FUNCTION = YES;
				GCC_WARN_UNUSED_VARIABLE = YES;
				IPHONEOS_DEPLOYMENT_TARGET = 9.3;
				MTL_ENABLE_DEBUG_INFO = YES;
				ONLY_ACTIVE_ARCH = YES;
				SDKROOT = iphoneos;
				SWIFT_OPTIMIZATION_LEVEL = "-Onone";
				TARGETED_DEVICE_FAMILY = "1,2";
			};
			name = Debug;
		};
		882CC44D1D98C824003F4197 /* Release */ = {
			isa = XCBuildConfiguration;
			buildSettings = {
				ALWAYS_SEARCH_USER_PATHS = NO;
				CLANG_ANALYZER_NONNULL = YES;
				CLANG_CXX_LANGUAGE_STANDARD = "gnu++0x";
				CLANG_CXX_LIBRARY = "libc++";
				CLANG_ENABLE_MODULES = YES;
				CLANG_ENABLE_OBJC_ARC = YES;
				CLANG_WARN_BOOL_CONVERSION = YES;
				CLANG_WARN_CONSTANT_CONVERSION = YES;
				CLANG_WARN_DIRECT_OBJC_ISA_USAGE = YES_ERROR;
				CLANG_WARN_EMPTY_BODY = YES;
				CLANG_WARN_ENUM_CONVERSION = YES;
				CLANG_WARN_INT_CONVERSION = YES;
				CLANG_WARN_OBJC_ROOT_CLASS = YES_ERROR;
				CLANG_WARN_UNREACHABLE_CODE = YES;
				CLANG_WARN__DUPLICATE_METHOD_MATCH = YES;
				"CODE_SIGN_IDENTITY[sdk=iphoneos*]" = "iPhone Developer";
				COPY_PHASE_STRIP = NO;
				DEBUG_INFORMATION_FORMAT = "dwarf-with-dsym";
				ENABLE_NS_ASSERTIONS = NO;
				ENABLE_STRICT_OBJC_MSGSEND = YES;
				GCC_C_LANGUAGE_STANDARD = gnu99;
				GCC_NO_COMMON_BLOCKS = YES;
				GCC_WARN_64_TO_32_BIT_CONVERSION = YES;
				GCC_WARN_ABOUT_RETURN_TYPE = YES_ERROR;
				GCC_WARN_UNDECLARED_SELECTOR = YES;
				GCC_WARN_UNINITIALIZED_AUTOS = YES_AGGRESSIVE;
				GCC_WARN_UNUSED_FUNCTION = YES;
				GCC_WARN_UNUSED_VARIABLE = YES;
				IPHONEOS_DEPLOYMENT_TARGET = 9.3;
				MTL_ENABLE_DEBUG_INFO = NO;
				SDKROOT = iphoneos;
				TARGETED_DEVICE_FAMILY = "1,2";
				VALIDATE_PRODUCT = YES;
			};
			name = Release;
		};
		882CC44F1D98C824003F4197 /* Debug */ = {
			isa = XCBuildConfiguration;
			baseConfigurationReference = 04C0E1C7D90F14A188110D2F /* Pods-NewsTopic.debug.xcconfig */;
			buildSettings = {
				ASSETCATALOG_COMPILER_APPICON_NAME = AppIcon;
				INFOPLIST_FILE = NewsTopic/Info.plist;
				LD_RUNPATH_SEARCH_PATHS = "$(inherited) @executable_path/Frameworks";
				PRODUCT_BUNDLE_IDENTIFIER = me.peterfei.NewsTopic;
				PRODUCT_NAME = "$(TARGET_NAME)";
			};
			name = Debug;
		};
		882CC4501D98C824003F4197 /* Release */ = {
			isa = XCBuildConfiguration;
			baseConfigurationReference = A4B90C48CB601C011A76FD71 /* Pods-NewsTopic.release.xcconfig */;
			buildSettings = {
				ASSETCATALOG_COMPILER_APPICON_NAME = AppIcon;
				INFOPLIST_FILE = NewsTopic/Info.plist;
				LD_RUNPATH_SEARCH_PATHS = "$(inherited) @executable_path/Frameworks";
				PRODUCT_BUNDLE_IDENTIFIER = me.peterfei.NewsTopic;
				PRODUCT_NAME = "$(TARGET_NAME)";
			};
			name = Release;
		};
		882CC4521D98C824003F4197 /* Debug */ = {
			isa = XCBuildConfiguration;
			buildSettings = {
				BUNDLE_LOADER = "$(TEST_HOST)";
				INFOPLIST_FILE = NewsTopicTests/Info.plist;
				LD_RUNPATH_SEARCH_PATHS = "$(inherited) @executable_path/Frameworks @loader_path/Frameworks";
				PRODUCT_BUNDLE_IDENTIFIER = me.peterfei.NewsTopicTests;
				PRODUCT_NAME = "$(TARGET_NAME)";
				TEST_HOST = "$(BUILT_PRODUCTS_DIR)/NewsTopic.app/NewsTopic";
			};
			name = Debug;
		};
		882CC4531D98C824003F4197 /* Release */ = {
			isa = XCBuildConfiguration;
			buildSettings = {
				BUNDLE_LOADER = "$(TEST_HOST)";
				INFOPLIST_FILE = NewsTopicTests/Info.plist;
				LD_RUNPATH_SEARCH_PATHS = "$(inherited) @executable_path/Frameworks @loader_path/Frameworks";
				PRODUCT_BUNDLE_IDENTIFIER = me.peterfei.NewsTopicTests;
				PRODUCT_NAME = "$(TARGET_NAME)";
				TEST_HOST = "$(BUILT_PRODUCTS_DIR)/NewsTopic.app/NewsTopic";
			};
			name = Release;
		};
/* End XCBuildConfiguration section */

/* Begin XCConfigurationList section */
		882CC42C1D98C820003F4197 /* Build configuration list for PBXProject "NewsTopic" */ = {
			isa = XCConfigurationList;
			buildConfigurations = (
				882CC44C1D98C824003F4197 /* Debug */,
				882CC44D1D98C824003F4197 /* Release */,
			);
			defaultConfigurationIsVisible = 0;
			defaultConfigurationName = Release;
		};
		882CC44E1D98C824003F4197 /* Build configuration list for PBXNativeTarget "NewsTopic" */ = {
			isa = XCConfigurationList;
			buildConfigurations = (
				882CC44F1D98C824003F4197 /* Debug */,
				882CC4501D98C824003F4197 /* Release */,
			);
			defaultConfigurationIsVisible = 0;
			defaultConfigurationName = Release;
		};
		882CC4511D98C824003F4197 /* Build configuration list for PBXNativeTarget "NewsTopicTests" */ = {
			isa = XCConfigurationList;
			buildConfigurations = (
				882CC4521D98C824003F4197 /* Debug */,
				882CC4531D98C824003F4197 /* Release */,
			);
			defaultConfigurationIsVisible = 0;
			defaultConfigurationName = Release;
		};
/* End XCConfigurationList section */
	};
	rootObject = 882CC4291D98C820003F4197 /* Project object */;
}
